
Microsoft Visual Studio Solution File, Format Version 12.00
# Visual Studio Version 16
VisualStudioVersion = 16.0.30114.105
MinimumVisualStudioVersion = 10.0.40219.1
Project("{FAE04EC0-301F-11D3-BF4B-00C04F79EFBC}") = "Registro de Certificados", "Registro de Certificados\Registro de Certificados.csproj", "{C4AAB47C-5BD5-4F49-8F99-DEF506CC0A1E}"
EndProject
Global
	GlobalSection(SolutionConfigurationPlatforms) = preSolution
		Debug|Any CPU = Debug|Any CPU
		Release|Any CPU = Release|Any CPU
	EndGlobalSection
	GlobalSection(ProjectConfigurationPlatforms) = postSolution
		{C4AAB47C-5BD5-4F49-8F99-DEF506CC0A1E}.Debug|Any CPU.ActiveCfg = Debug|Any CPU
		{C4AAB47C-5BD5-4F49-8F99-DEF506CC0A1E}.Debug|Any CPU.Build.0 = Debug|Any CPU
		{C4AAB47C-5BD5-4F49-8F99-DEF506CC0A1E}.Release|Any CPU.ActiveCfg = Release|Any CPU
		{C4AAB47C-5BD5-4F49-8F99-DEF506CC0A1E}.Release|Any CPU.Build.0 = Release|Any CPU
	EndGlobalSection
	GlobalSection(SolutionProperties) = preSolution
		HideSolutionNode = FALSE
	EndGlobalSection
	GlobalSection(ExtensibilityGlobals) = postSolution
		SolutionGuid = {8F1D351A-8203-49A4-8A6F-4B877E9762EB}
	EndGlobalSection
EndGlobal
